
Microsoft Visual Studio Solution File, Format Version 12.00
# Visual Studio Version 17
VisualStudioVersion = 17.6.33829.357
MinimumVisualStudioVersion = 10.0.40219.1
Project("{FAE04EC0-301F-11D3-BF4B-00C04F79EFBC}") = "AeroBook", "AeroBook\AeroBook.csproj", "{4ECD71E6-38AD-426D-A6E1-AD436A9171FB}"
EndProject
Global
	GlobalSection(SolutionConfigurationPlatforms) = preSolution
		Debug|Any CPU = Debug|Any CPU
		Release|Any CPU = Release|Any CPU
	EndGlobalSection
	GlobalSection(ProjectConfigurationPlatforms) = postSolution
		{4ECD71E6-38AD-426D-A6E1-AD436A9171FB}.Debug|Any CPU.ActiveCfg = Debug|Any CPU
		{4ECD71E6-38AD-426D-A6E1-AD436A9171FB}.Debug|Any CPU.Build.0 = Debug|Any CPU
		{4ECD71E6-38AD-426D-A6E1-AD436A9171FB}.Release|Any CPU.ActiveCfg = Release|Any CPU
		{4ECD71E6-38AD-426D-A6E1-AD436A9171FB}.Release|Any CPU.Build.0 = Release|Any CPU
	EndGlobalSection
	GlobalSection(SolutionProperties) = preSolution
		HideSolutionNode = FALSE
	EndGlobalSection
	GlobalSection(ExtensibilityGlobals) = postSolution
		SolutionGuid = {A5F733F5-A280-4E12-BC66-B85EF77C4141}
	EndGlobalSection
EndGlobal
